// !$*UTF8*$!
{
	archiveVersion = 1;
	classes = {
	};
	objectVersion = 56;
	objects = {

/* Begin PBXBuildFile section */
		D91340D929C02EB900B0CADF /* HexagonParameters.swift in Sources */ = {isa = PBXBuildFile; fileRef = D91340D829C02EB900B0CADF /* HexagonParameters.swift */; };
		D91340DB29C0301100B0CADF /* BadgeBackground.swift in Sources */ = {isa = PBXBuildFile; fileRef = D91340DA29C0301100B0CADF /* BadgeBackground.swift */; };
		D91340DD29C0359700B0CADF /* BadgeSymbol.swift in Sources */ = {isa = PBXBuildFile; fileRef = D91340DC29C0359700B0CADF /* BadgeSymbol.swift */; };
		D91340DF29C0364A00B0CADF /* Badge.swift in Sources */ = {isa = PBXBuildFile; fileRef = D91340DE29C0364A00B0CADF /* Badge.swift */; };
		D91340E129C037DB00B0CADF /* RotatedBadgeSymbol.swift in Sources */ = {isa = PBXBuildFile; fileRef = D91340E029C037DB00B0CADF /* RotatedBadgeSymbol.swift */; };
		D91340E429C0471000B0CADF /* hikeData.json in Resources */ = {isa = PBXBuildFile; fileRef = D91340E329C0471000B0CADF /* hikeData.json */; };
		D91340E629C0478800B0CADF /* Hike.swift in Sources */ = {isa = PBXBuildFile; fileRef = D91340E529C0478800B0CADF /* Hike.swift */; };
		D91340EC29C048E600B0CADF /* GraphCapsule.swift in Sources */ = {isa = PBXBuildFile; fileRef = D91340E829C048E600B0CADF /* GraphCapsule.swift */; };
		D91340ED29C048E600B0CADF /* HikeGraph.swift in Sources */ = {isa = PBXBuildFile; fileRef = D91340E929C048E600B0CADF /* HikeGraph.swift */; };
		D91340EE29C048E600B0CADF /* HikeDetail.swift in Sources */ = {isa = PBXBuildFile; fileRef = D91340EA29C048E600B0CADF /* HikeDetail.swift */; };
		D91340EF29C048E600B0CADF /* HikeView.swift in Sources */ = {isa = PBXBuildFile; fileRef = D91340EB29C048E600B0CADF /* HikeView.swift */; };
		D91340F229C04EEE00B0CADF /* CategoryHome.swift in Sources */ = {isa = PBXBuildFile; fileRef = D91340F129C04EEE00B0CADF /* CategoryHome.swift */; };
		D91340F429C058A300B0CADF /* CategoryRow.swift in Sources */ = {isa = PBXBuildFile; fileRef = D91340F329C058A300B0CADF /* CategoryRow.swift */; };
		D91340F629C05AF600B0CADF /* CategoryItem.swift in Sources */ = {isa = PBXBuildFile; fileRef = D91340F529C05AF600B0CADF /* CategoryItem.swift */; };
		D91340F829C06A8E00B0CADF /* Profile.swift in Sources */ = {isa = PBXBuildFile; fileRef = D91340F729C06A8E00B0CADF /* Profile.swift */; };
		D91340FB29C06E2700B0CADF /* ProfileHost.swift in Sources */ = {isa = PBXBuildFile; fileRef = D91340FA29C06E2700B0CADF /* ProfileHost.swift */; };
		D91340FD29C06FC000B0CADF /* ProfileSummary.swift in Sources */ = {isa = PBXBuildFile; fileRef = D91340FC29C06FC000B0CADF /* ProfileSummary.swift */; };
		D91340FF29C0725D00B0CADF /* HikeBadge.swift in Sources */ = {isa = PBXBuildFile; fileRef = D91340FE29C0725D00B0CADF /* HikeBadge.swift */; };
		D954D91329BF1E770089EB79 /* landmarks_ios_tutorialsApp.swift in Sources */ = {isa = PBXBuildFile; fileRef = D954D91229BF1E770089EB79 /* landmarks_ios_tutorialsApp.swift */; };
		D954D91529BF1E770089EB79 /* ContentView.swift in Sources */ = {isa = PBXBuildFile; fileRef = D954D91429BF1E770089EB79 /* ContentView.swift */; };
		D954D91729BF1E790089EB79 /* Assets.xcassets in Resources */ = {isa = PBXBuildFile; fileRef = D954D91629BF1E790089EB79 /* Assets.xcassets */; };
		D954D91A29BF1E790089EB79 /* Preview Assets.xcassets in Resources */ = {isa = PBXBuildFile; fileRef = D954D91929BF1E790089EB79 /* Preview Assets.xcassets */; };
		D954D92129BF209F0089EB79 /* CircleImage.swift in Sources */ = {isa = PBXBuildFile; fileRef = D954D92029BF209F0089EB79 /* CircleImage.swift */; };
		D954D92329BF21C10089EB79 /* MapView.swift in Sources */ = {isa = PBXBuildFile; fileRef = D954D92229BF21C10089EB79 /* MapView.swift */; };
		D954D92529BF29060089EB79 /* Landmark.swift in Sources */ = {isa = PBXBuildFile; fileRef = D954D92429BF29060089EB79 /* Landmark.swift */; };
		D954D92729BF2DA20089EB79 /* ModelData.swift in Sources */ = {isa = PBXBuildFile; fileRef = D954D92629BF2DA20089EB79 /* ModelData.swift */; };
		D954D92929BFE46D0089EB79 /* landmarkData.json in Resources */ = {isa = PBXBuildFile; fileRef = D954D92829BFE46D0089EB79 /* landmarkData.json */; };
		D954D93029BFE54C0089EB79 /* LandmarkRow.swift in Sources */ = {isa = PBXBuildFile; fileRef = D954D92F29BFE54C0089EB79 /* LandmarkRow.swift */; };
		D954D93229BFEA0A0089EB79 /* LandmarkList.swift in Sources */ = {isa = PBXBuildFile; fileRef = D954D93129BFEA0A0089EB79 /* LandmarkList.swift */; };
		D954D93429BFED450089EB79 /* LandmarkDetail.swift in Sources */ = {isa = PBXBuildFile; fileRef = D954D93329BFED450089EB79 /* LandmarkDetail.swift */; };
		D954D93629C023BC0089EB79 /* FavoriteButton.swift in Sources */ = {isa = PBXBuildFile; fileRef = D954D93529C023BC0089EB79 /* FavoriteButton.swift */; };
/* End PBXBuildFile section */

/* Begin PBXFileReference section */
		D91340D829C02EB900B0CADF /* HexagonParameters.swift */ = {isa = PBXFileReference; lastKnownFileType = sourcecode.swift; path = HexagonParameters.swift; sourceTree = "<group>"; };
		D91340DA29C0301100B0CADF /* BadgeBackground.swift */ = {isa = PBXFileReference; lastKnownFileType = sourcecode.swift; path = BadgeBackground.swift; sourceTree = "<group>"; };
		D91340DC29C0359700B0CADF /* BadgeSymbol.swift */ = {isa = PBXFileReference; lastKnownFileType = sourcecode.swift; path = BadgeSymbol.swift; sourceTree = "<group>"; };
		D91340DE29C0364A00B0CADF /* Badge.swift */ = {isa = PBXFileReference; lastKnownFileType = sourcecode.swift; path = Badge.swift; sourceTree = "<group>"; };
		D91340E029C037DB00B0CADF /* RotatedBadgeSymbol.swift */ = {isa = PBXFileReference; lastKnownFileType = sourcecode.swift; path = RotatedBadgeSymbol.swift; sourceTree = "<group>"; };
		D91340E329C0471000B0CADF /* hikeData.json */ = {isa = PBXFileReference; fileEncoding = 4; lastKnownFileType = text.json; path = hikeData.json; sourceTree = "<group>"; };
		D91340E529C0478800B0CADF /* Hike.swift */ = {isa = PBXFileReference; lastKnownFileType = sourcecode.swift; path = Hike.swift; sourceTree = "<group>"; };
		D91340E829C048E600B0CADF /* GraphCapsule.swift */ = {isa = PBXFileReference; fileEncoding = 4; lastKnownFileType = sourcecode.swift; path = GraphCapsule.swift; sourceTree = "<group>"; };
		D91340E929C048E600B0CADF /* HikeGraph.swift */ = {isa = PBXFileReference; fileEncoding = 4; lastKnownFileType = sourcecode.swift; path = HikeGraph.swift; sourceTree = "<group>"; };
		D91340EA29C048E600B0CADF /* HikeDetail.swift */ = {isa = PBXFileReference; fileEncoding = 4; lastKnownFileType = sourcecode.swift; path = HikeDetail.swift; sourceTree = "<group>"; };
		D91340EB29C048E600B0CADF /* HikeView.swift */ = {isa = PBXFileReference; fileEncoding = 4; lastKnownFileType = sourcecode.swift; path = HikeView.swift; sourceTree = "<group>"; };
		D91340F129C04EEE00B0CADF /* CategoryHome.swift */ = {isa = PBXFileReference; lastKnownFileType = sourcecode.swift; path = CategoryHome.swift; sourceTree = "<group>"; };
		D91340F329C058A300B0CADF /* CategoryRow.swift */ = {isa = PBXFileReference; lastKnownFileType = sourcecode.swift; path = CategoryRow.swift; sourceTree = "<group>"; };
		D91340F529C05AF600B0CADF /* CategoryItem.swift */ = {isa = PBXFileReference; lastKnownFileType = sourcecode.swift; path = CategoryItem.swift; sourceTree = "<group>"; };
		D91340F729C06A8E00B0CADF /* Profile.swift */ = {isa = PBXFileReference; lastKnownFileType = sourcecode.swift; path = Profile.swift; sourceTree = "<group>"; };
		D91340FA29C06E2700B0CADF /* ProfileHost.swift */ = {isa = PBXFileReference; lastKnownFileType = sourcecode.swift; path = ProfileHost.swift; sourceTree = "<group>"; };
		D91340FC29C06FC000B0CADF /* ProfileSummary.swift */ = {isa = PBXFileReference; lastKnownFileType = sourcecode.swift; path = ProfileSummary.swift; sourceTree = "<group>"; };
		D91340FE29C0725D00B0CADF /* HikeBadge.swift */ = {isa = PBXFileReference; lastKnownFileType = sourcecode.swift; path = HikeBadge.swift; sourceTree = "<group>"; };
		D954D90F29BF1E770089EB79 /* landmarks-ios-tutorials.app */ = {isa = PBXFileReference; explicitFileType = wrapper.application; includeInIndex = 0; path = "landmarks-ios-tutorials.app"; sourceTree = BUILT_PRODUCTS_DIR; };
		D954D91229BF1E770089EB79 /* landmarks_ios_tutorialsApp.swift */ = {isa = PBXFileReference; lastKnownFileType = sourcecode.swift; path = landmarks_ios_tutorialsApp.swift; sourceTree = "<group>"; };
		D954D91429BF1E770089EB79 /* ContentView.swift */ = {isa = PBXFileReference; lastKnownFileType = sourcecode.swift; path = ContentView.swift; sourceTree = "<group>"; };
		D954D91629BF1E790089EB79 /* Assets.xcassets */ = {isa = PBXFileReference; lastKnownFileType = folder.assetcatalog; path = Assets.xcassets; sourceTree = "<group>"; };
		D954D91929BF1E790089EB79 /* Preview Assets.xcassets */ = {isa = PBXFileReference; lastKnownFileType = folder.assetcatalog; path = "Preview Assets.xcassets"; sourceTree = "<group>"; };
		D954D92029BF209F0089EB79 /* CircleImage.swift */ = {isa = PBXFileReference; lastKnownFileType = sourcecode.swift; path = CircleImage.swift; sourceTree = "<group>"; };
		D954D92229BF21C10089EB79 /* MapView.swift */ = {isa = PBXFileReference; lastKnownFileType = sourcecode.swift; path = MapView.swift; sourceTree = "<group>"; };
		D954D92429BF29060089EB79 /* Landmark.swift */ = {isa = PBXFileReference; lastKnownFileType = sourcecode.swift; path = Landmark.swift; sourceTree = "<group>"; };
		D954D92629BF2DA20089EB79 /* ModelData.swift */ = {isa = PBXFileReference; lastKnownFileType = sourcecode.swift; path = ModelData.swift; sourceTree = "<group>"; };
		D954D92829BFE46D0089EB79 /* landmarkData.json */ = {isa = PBXFileReference; fileEncoding = 4; lastKnownFileType = text.json; path = landmarkData.json; sourceTree = "<group>"; };
		D954D92F29BFE54C0089EB79 /* LandmarkRow.swift */ = {isa = PBXFileReference; lastKnownFileType = sourcecode.swift; path = LandmarkRow.swift; sourceTree = "<group>"; };
		D954D93129BFEA0A0089EB79 /* LandmarkList.swift */ = {isa = PBXFileReference; lastKnownFileType = sourcecode.swift; path = LandmarkList.swift; sourceTree = "<group>"; };
		D954D93329BFED450089EB79 /* LandmarkDetail.swift */ = {isa = PBXFileReference; lastKnownFileType = sourcecode.swift; path = LandmarkDetail.swift; sourceTree = "<group>"; };
		D954D93529C023BC0089EB79 /* FavoriteButton.swift */ = {isa = PBXFileReference; lastKnownFileType = sourcecode.swift; path = FavoriteButton.swift; sourceTree = "<group>"; };
/* End PBXFileReference section */

/* Begin PBXFrameworksBuildPhase section */
		D954D90C29BF1E770089EB79 /* Frameworks */ = {
			isa = PBXFrameworksBuildPhase;
			buildActionMask = 2147483647;
			files = (
			);
			runOnlyForDeploymentPostprocessing = 0;
		};
/* End PBXFrameworksBuildPhase section */

/* Begin PBXGroup section */
		D91340E229C0381E00B0CADF /* Badges */ = {
			isa = PBXGroup;
			children = (
				D91340D829C02EB900B0CADF /* HexagonParameters.swift */,
				D91340DA29C0301100B0CADF /* BadgeBackground.swift */,
				D91340DC29C0359700B0CADF /* BadgeSymbol.swift */,
				D91340E029C037DB00B0CADF /* RotatedBadgeSymbol.swift */,
				D91340DE29C0364A00B0CADF /* Badge.swift */,
			);
			path = Badges;
			sourceTree = "<group>";
		};
		D91340E729C048E600B0CADF /* Hikes */ = {
			isa = PBXGroup;
			children = (
				D91340E829C048E600B0CADF /* GraphCapsule.swift */,
				D91340E929C048E600B0CADF /* HikeGraph.swift */,
				D91340EA29C048E600B0CADF /* HikeDetail.swift */,
				D91340EB29C048E600B0CADF /* HikeView.swift */,
				D91340FE29C0725D00B0CADF /* HikeBadge.swift */,
			);
			path = Hikes;
			sourceTree = "<group>";
		};
		D91340F029C04ED100B0CADF /* Categories */ = {
			isa = PBXGroup;
			children = (
				D91340F129C04EEE00B0CADF /* CategoryHome.swift */,
				D91340F329C058A300B0CADF /* CategoryRow.swift */,
				D91340F529C05AF600B0CADF /* CategoryItem.swift */,
			);
			path = Categories;
			sourceTree = "<group>";
		};
		D91340F929C06E0F00B0CADF /* Profile */ = {
			isa = PBXGroup;
			children = (
				D91340FA29C06E2700B0CADF /* ProfileHost.swift */,
				D91340FC29C06FC000B0CADF /* ProfileSummary.swift */,
			);
			path = Profile;
			sourceTree = "<group>";
		};
		D954D90629BF1E770089EB79 = {
			isa = PBXGroup;
			children = (
				D954D91129BF1E770089EB79 /* landmarks-ios-tutorials */,
				D954D91029BF1E770089EB79 /* Products */,
			);
			sourceTree = "<group>";
		};
		D954D91029BF1E770089EB79 /* Products */ = {
			isa = PBXGroup;
			children = (
				D954D90F29BF1E770089EB79 /* landmarks-ios-tutorials.app */,
			);
			name = Products;
			sourceTree = "<group>";
		};
		D954D91129BF1E770089EB79 /* landmarks-ios-tutorials */ = {
			isa = PBXGroup;
			children = (
				D954D91229BF1E770089EB79 /* landmarks_ios_tutorialsApp.swift */,
				D954D92D29BFE5140089EB79 /* Views */,
				D954D92E29BFE5230089EB79 /* Model */,
				D954D91629BF1E790089EB79 /* Assets.xcassets */,
				D954D92829BFE46D0089EB79 /* landmarkData.json */,
				D91340E329C0471000B0CADF /* hikeData.json */,
				D954D91829BF1E790089EB79 /* Preview Content */,
			);
			path = "landmarks-ios-tutorials";
			sourceTree = "<group>";
		};
		D954D91829BF1E790089EB79 /* Preview Content */ = {
			isa = PBXGroup;
			children = (
				D954D91929BF1E790089EB79 /* Preview Assets.xcassets */,
			);
			path = "Preview Content";
			sourceTree = "<group>";
		};
		D954D92D29BFE5140089EB79 /* Views */ = {
			isa = PBXGroup;
			children = (
				D954D91429BF1E770089EB79 /* ContentView.swift */,
				D91340F929C06E0F00B0CADF /* Profile */,
				D91340F029C04ED100B0CADF /* Categories */,
				D91340E729C048E600B0CADF /* Hikes */,
				D91340E229C0381E00B0CADF /* Badges */,
				D954D93729C02A890089EB79 /* Landmarks */,
				D954D93829C02A9C0089EB79 /* Helpers */,
			);
			path = Views;
			sourceTree = "<group>";
		};
		D954D92E29BFE5230089EB79 /* Model */ = {
			isa = PBXGroup;
			children = (
				D954D92429BF29060089EB79 /* Landmark.swift */,
				D954D92629BF2DA20089EB79 /* ModelData.swift */,
				D91340E529C0478800B0CADF /* Hike.swift */,
				D91340F729C06A8E00B0CADF /* Profile.swift */,
			);
			path = Model;
			sourceTree = "<group>";
		};
		D954D93729C02A890089EB79 /* Landmarks */ = {
			isa = PBXGroup;
			children = (
				D954D92F29BFE54C0089EB79 /* LandmarkRow.swift */,
				D954D93129BFEA0A0089EB79 /* LandmarkList.swift */,
				D954D93329BFED450089EB79 /* LandmarkDetail.swift */,
			);
			path = Landmarks;
			sourceTree = "<group>";
		};
		D954D93829C02A9C0089EB79 /* Helpers */ = {
			isa = PBXGroup;
			children = (
				D954D92029BF209F0089EB79 /* CircleImage.swift */,
				D954D92229BF21C10089EB79 /* MapView.swift */,
				D954D93529C023BC0089EB79 /* FavoriteButton.swift */,
			);
			path = Helpers;
			sourceTree = "<group>";
		};
/* End PBXGroup section */

/* Begin PBXNativeTarget section */
		D954D90E29BF1E770089EB79 /* landmarks-ios-tutorials */ = {
			isa = PBXNativeTarget;
			buildConfigurationList = D954D91D29BF1E790089EB79 /* Build configuration list for PBXNativeTarget "landmarks-ios-tutorials" */;
			buildPhases = (
				D954D90B29BF1E770089EB79 /* Sources */,
				D954D90C29BF1E770089EB79 /* Frameworks */,
				D954D90D29BF1E770089EB79 /* Resources */,
			);
			buildRules = (
			);
			dependencies = (
			);
			name = "landmarks-ios-tutorials";
			productName = "landmarks-ios-tutorials";
			productReference = D954D90F29BF1E770089EB79 /* landmarks-ios-tutorials.app */;
			productType = "com.apple.product-type.application";
		};
/* End PBXNativeTarget section */

/* Begin PBXProject section */
		D954D90729BF1E770089EB79 /* Project object */ = {
			isa = PBXProject;
			attributes = {
				BuildIndependentTargetsInParallel = 1;
				LastSwiftUpdateCheck = 1420;
				LastUpgradeCheck = 1420;
				TargetAttributes = {
					D954D90E29BF1E770089EB79 = {
						CreatedOnToolsVersion = 14.2;
					};
				};
			};
			buildConfigurationList = D954D90A29BF1E770089EB79 /* Build configuration list for PBXProject "landmarks-ios-tutorials" */;
			compatibilityVersion = "Xcode 14.0";
			developmentRegion = en;
			hasScannedForEncodings = 0;
			knownRegions = (
				en,
				Base,
			);
			mainGroup = D954D90629BF1E770089EB79;
			productRefGroup = D954D91029BF1E770089EB79 /* Products */;
			projectDirPath = "";
			projectRoot = "";
			targets = (
				D954D90E29BF1E770089EB79 /* landmarks-ios-tutorials */,
			);
		};
/* End PBXProject section */

/* Begin PBXResourcesBuildPhase section */
		D954D90D29BF1E770089EB79 /* Resources */ = {
			isa = PBXResourcesBuildPhase;
			buildActionMask = 2147483647;
			files = (
				D91340E429C0471000B0CADF /* hikeData.json in Resources */,
				D954D91A29BF1E790089EB79 /* Preview Assets.xcassets in Resources */,
				D954D91729BF1E790089EB79 /* Assets.xcassets in Resources */,
				D954D92929BFE46D0089EB79 /* landmarkData.json in Resources */,
			);
			runOnlyForDeploymentPostprocessing = 0;
		};
/* End PBXResourcesBuildPhase section */

/* Begin PBXSourcesBuildPhase section */
		D954D90B29BF1E770089EB79 /* Sources */ = {
			isa = PBXSourcesBuildPhase;
			buildActionMask = 2147483647;
			files = (
				D91340F429C058A300B0CADF /* CategoryRow.swift in Sources */,
				D91340F829C06A8E00B0CADF /* Profile.swift in Sources */,
				D954D91529BF1E770089EB79 /* ContentView.swift in Sources */,
				D91340F229C04EEE00B0CADF /* CategoryHome.swift in Sources */,
				D91340ED29C048E600B0CADF /* HikeGraph.swift in Sources */,
				D954D92329BF21C10089EB79 /* MapView.swift in Sources */,
				D954D91329BF1E770089EB79 /* landmarks_ios_tutorialsApp.swift in Sources */,
				D91340EC29C048E600B0CADF /* GraphCapsule.swift in Sources */,
				D954D93629C023BC0089EB79 /* FavoriteButton.swift in Sources */,
				D91340D929C02EB900B0CADF /* HexagonParameters.swift in Sources */,
				D91340F629C05AF600B0CADF /* CategoryItem.swift in Sources */,
				D91340EE29C048E600B0CADF /* HikeDetail.swift in Sources */,
				D91340FD29C06FC000B0CADF /* ProfileSummary.swift in Sources */,
				D91340DF29C0364A00B0CADF /* Badge.swift in Sources */,
				D91340FB29C06E2700B0CADF /* ProfileHost.swift in Sources */,
				D91340E629C0478800B0CADF /* Hike.swift in Sources */,
				D91340DD29C0359700B0CADF /* BadgeSymbol.swift in Sources */,
				D954D93229BFEA0A0089EB79 /* LandmarkList.swift in Sources */,
				D91340E129C037DB00B0CADF /* RotatedBadgeSymbol.swift in Sources */,
				D91340EF29C048E600B0CADF /* HikeView.swift in Sources */,
				D954D93429BFED450089EB79 /* LandmarkDetail.swift in Sources */,
				D954D92129BF209F0089EB79 /* CircleImage.swift in Sources */,
				D91340FF29C0725D00B0CADF /* HikeBadge.swift in Sources */,
				D954D92529BF29060089EB79 /* Landmark.swift in Sources */,
				D954D93029BFE54C0089EB79 /* LandmarkRow.swift in Sources */,
				D954D92729BF2DA20089EB79 /* ModelData.swift in Sources */,
				D91340DB29C0301100B0CADF /* BadgeBackground.swift in Sources */,
			);
			runOnlyForDeploymentPostprocessing = 0;
		};
/* End PBXSourcesBuildPhase section */

/* Begin XCBuildConfiguration section */
		D954D91B29BF1E790089EB79 /* Debug */ = {
			isa = XCBuildConfiguration;
			buildSettings = {
				ALWAYS_SEARCH_USER_PATHS = NO;
				CLANG_ANALYZER_NONNULL = YES;
				CLANG_ANALYZER_NUMBER_OBJECT_CONVERSION = YES_AGGRESSIVE;
				CLANG_CXX_LANGUAGE_STANDARD = "gnu++20";
				CLANG_ENABLE_MODULES = YES;
				CLANG_ENABLE_OBJC_ARC = YES;
				CLANG_ENABLE_OBJC_WEAK = YES;
				CLANG_WARN_BLOCK_CAPTURE_AUTORELEASING = YES;
				CLANG_WARN_BOOL_CONVERSION = YES;
				CLANG_WARN_COMMA = YES;
				CLANG_WARN_CONSTANT_CONVERSION = YES;
				CLANG_WARN_DEPRECATED_OBJC_IMPLEMENTATIONS = YES;
				CLANG_WARN_DIRECT_OBJC_ISA_USAGE = YES_ERROR;
				CLANG_WARN_DOCUMENTATION_COMMENTS = YES;
				CLANG_WARN_EMPTY_BODY = YES;
				CLANG_WARN_ENUM_CONVERSION = YES;
				CLANG_WARN_INFINITE_RECURSION = YES;
				CLANG_WARN_INT_CONVERSION = YES;
				CLANG_WARN_NON_LITERAL_NULL_CONVERSION = YES;
				CLANG_WARN_OBJC_IMPLICIT_RETAIN_SELF = YES;
				CLANG_WARN_OBJC_LITERAL_CONVERSION = YES;
				CLANG_WARN_OBJC_ROOT_CLASS = YES_ERROR;
				CLANG_WARN_QUOTED_INCLUDE_IN_FRAMEWORK_HEADER = YES;
				CLANG_WARN_RANGE_LOOP_ANALYSIS = YES;
				CLANG_WARN_STRICT_PROTOTYPES = YES;
				CLANG_WARN_SUSPICIOUS_MOVE = YES;
				CLANG_WARN_UNGUARDED_AVAILABILITY = YES_AGGRESSIVE;
				CLANG_WARN_UNREACHABLE_CODE = YES;
				CLANG_WARN__DUPLICATE_METHOD_MATCH = YES;
				COPY_PHASE_STRIP = NO;
				DEBUG_INFORMATION_FORMAT = dwarf;
				ENABLE_STRICT_OBJC_MSGSEND = YES;
				ENABLE_TESTABILITY = YES;
				GCC_C_LANGUAGE_STANDARD = gnu11;
				GCC_DYNAMIC_NO_PIC = NO;
				GCC_NO_COMMON_BLOCKS = YES;
				GCC_OPTIMIZATION_LEVEL = 0;
				GCC_PREPROCESSOR_DEFINITIONS = (
					"DEBUG=1",
					"$(inherited)",
				);
				GCC_WARN_64_TO_32_BIT_CONVERSION = YES;
				GCC_WARN_ABOUT_RETURN_TYPE = YES_ERROR;
				GCC_WARN_UNDECLARED_SELECTOR = YES;
				GCC_WARN_UNINITIALIZED_AUTOS = YES_AGGRESSIVE;
				GCC_WARN_UNUSED_FUNCTION = YES;
				GCC_WARN_UNUSED_VARIABLE = YES;
				IPHONEOS_DEPLOYMENT_TARGET = 16.2;
				MTL_ENABLE_DEBUG_INFO = INCLUDE_SOURCE;
				MTL_FAST_MATH = YES;
				ONLY_ACTIVE_ARCH = YES;
				SDKROOT = iphoneos;
				SWIFT_ACTIVE_COMPILATION_CONDITIONS = DEBUG;
				SWIFT_OPTIMIZATION_LEVEL = "-Onone";
			};
			name = Debug;
		};
		D954D91C29BF1E790089EB79 /* Release */ = {
			isa = XCBuildConfiguration;
			buildSettings = {
				ALWAYS_SEARCH_USER_PATHS = NO;
				CLANG_ANALYZER_NONNULL = YES;
				CLANG_ANALYZER_NUMBER_OBJECT_CONVERSION = YES_AGGRESSIVE;
				CLANG_CXX_LANGUAGE_STANDARD = "gnu++20";
				CLANG_ENABLE_MODULES = YES;
				CLANG_ENABLE_OBJC_ARC = YES;
				CLANG_ENABLE_OBJC_WEAK = YES;
				CLANG_WARN_BLOCK_CAPTURE_AUTORELEASING = YES;
				CLANG_WARN_BOOL_CONVERSION = YES;
				CLANG_WARN_COMMA = YES;
				CLANG_WARN_CONSTANT_CONVERSION = YES;
				CLANG_WARN_DEPRECATED_OBJC_IMPLEMENTATIONS = YES;
				CLANG_WARN_DIRECT_OBJC_ISA_USAGE = YES_ERROR;
				CLANG_WARN_DOCUMENTATION_COMMENTS = YES;
				CLANG_WARN_EMPTY_BODY = YES;
				CLANG_WARN_ENUM_CONVERSION = YES;
				CLANG_WARN_INFINITE_RECURSION = YES;
				CLANG_WARN_INT_CONVERSION = YES;
				CLANG_WARN_NON_LITERAL_NULL_CONVERSION = YES;
				CLANG_WARN_OBJC_IMPLICIT_RETAIN_SELF = YES;
				CLANG_WARN_OBJC_LITERAL_CONVERSION = YES;
				CLANG_WARN_OBJC_ROOT_CLASS = YES_ERROR;
				CLANG_WARN_QUOTED_INCLUDE_IN_FRAMEWORK_HEADER = YES;
				CLANG_WARN_RANGE_LOOP_ANALYSIS = YES;
				CLANG_WARN_STRICT_PROTOTYPES = YES;
				CLANG_WARN_SUSPICIOUS_MOVE = YES;
				CLANG_WARN_UNGUARDED_AVAILABILITY = YES_AGGRESSIVE;
				CLANG_WARN_UNREACHABLE_CODE = YES;
				CLANG_WARN__DUPLICATE_METHOD_MATCH = YES;
				COPY_PHASE_STRIP = NO;
				DEBUG_INFORMATION_FORMAT = "dwarf-with-dsym";
				ENABLE_NS_ASSERTIONS = NO;
				ENABLE_STRICT_OBJC_MSGSEND = YES;
				GCC_C_LANGUAGE_STANDARD = gnu11;
				GCC_NO_COMMON_BLOCKS = YES;
				GCC_WARN_64_TO_32_BIT_CONVERSION = YES;
				GCC_WARN_ABOUT_RETURN_TYPE = YES_ERROR;
				GCC_WARN_UNDECLARED_SELECTOR = YES;
				GCC_WARN_UNINITIALIZED_AUTOS = YES_AGGRESSIVE;
				GCC_WARN_UNUSED_FUNCTION = YES;
				GCC_WARN_UNUSED_VARIABLE = YES;
				IPHONEOS_DEPLOYMENT_TARGET = 16.2;
				MTL_ENABLE_DEBUG_INFO = NO;
				MTL_FAST_MATH = YES;
				SDKROOT = iphoneos;
				SWIFT_COMPILATION_MODE = wholemodule;
				SWIFT_OPTIMIZATION_LEVEL = "-O";
				VALIDATE_PRODUCT = YES;
			};
			name = Release;
		};
		D954D91E29BF1E790089EB79 /* Debug */ = {
			isa = XCBuildConfiguration;
			buildSettings = {
				ASSETCATALOG_COMPILER_APPICON_NAME = AppIcon;
				ASSETCATALOG_COMPILER_GLOBAL_ACCENT_COLOR_NAME = AccentColor;
				CODE_SIGN_STYLE = Automatic;
				CURRENT_PROJECT_VERSION = 1;
				DEVELOPMENT_ASSET_PATHS = "\"landmarks-ios-tutorials/Preview Content\"";
				DEVELOPMENT_TEAM = B7T3UKSC97;
				ENABLE_PREVIEWS = YES;
				GENERATE_INFOPLIST_FILE = YES;
				INFOPLIST_KEY_UIApplicationSceneManifest_Generation = YES;
				INFOPLIST_KEY_UIApplicationSupportsIndirectInputEvents = YES;
				INFOPLIST_KEY_UILaunchScreen_Generation = YES;
				INFOPLIST_KEY_UISupportedInterfaceOrientations_iPad = "UIInterfaceOrientationPortrait UIInterfaceOrientationPortraitUpsideDown UIInterfaceOrientationLandscapeLeft UIInterfaceOrientationLandscapeRight";
				INFOPLIST_KEY_UISupportedInterfaceOrientations_iPhone = "UIInterfaceOrientationPortrait UIInterfaceOrientationLandscapeLeft UIInterfaceOrientationLandscapeRight";
				LD_RUNPATH_SEARCH_PATHS = (
					"$(inherited)",
					"@executable_path/Frameworks",
				);
				MARKETING_VERSION = 1.0;
				PRODUCT_BUNDLE_IDENTIFIER = "ippei-shimizu.landmarks-ios-tutorials";
				PRODUCT_NAME = "$(TARGET_NAME)";
				SWIFT_EMIT_LOC_STRINGS = YES;
				SWIFT_VERSION = 5.0;
				TARGETED_DEVICE_FAMILY = "1,2";
			};
			name = Debug;
		};
		D954D91F29BF1E790089EB79 /* Release */ = {
			isa = XCBuildConfiguration;
			buildSettings = {
				ASSETCATALOG_COMPILER_APPICON_NAME = AppIcon;
				ASSETCATALOG_COMPILER_GLOBAL_ACCENT_COLOR_NAME = AccentColor;
				CODE_SIGN_STYLE = Automatic;
				CURRENT_PROJECT_VERSION = 1;
				DEVELOPMENT_ASSET_PATHS = "\"landmarks-ios-tutorials/Preview Content\"";
				DEVELOPMENT_TEAM = B7T3UKSC97;
				ENABLE_PREVIEWS = YES;
				GENERATE_INFOPLIST_FILE = YES;
				INFOPLIST_KEY_UIApplicationSceneManifest_Generation = YES;
				INFOPLIST_KEY_UIApplicationSupportsIndirectInputEvents = YES;
				INFOPLIST_KEY_UILaunchScreen_Generation = YES;
				INFOPLIST_KEY_UISupportedInterfaceOrientations_iPad = "UIInterfaceOrientationPortrait UIInterfaceOrientationPortraitUpsideDown UIInterfaceOrientationLandscapeLeft UIInterfaceOrientationLandscapeRight";
				INFOPLIST_KEY_UISupportedInterfaceOrientations_iPhone = "UIInterfaceOrientationPortrait UIInterfaceOrientationLandscapeLeft UIInterfaceOrientationLandscapeRight";
				LD_RUNPATH_SEARCH_PATHS = (
					"$(inherited)",
					"@executable_path/Frameworks",
				);
				MARKETING_VERSION = 1.0;
				PRODUCT_BUNDLE_IDENTIFIER = "ippei-shimizu.landmarks-ios-tutorials";
				PRODUCT_NAME = "$(TARGET_NAME)";
				SWIFT_EMIT_LOC_STRINGS = YES;
				SWIFT_VERSION = 5.0;
				TARGETED_DEVICE_FAMILY = "1,2";
			};
			name = Release;
		};
/* End XCBuildConfiguration section */

/* Begin XCConfigurationList section */
		D954D90A29BF1E770089EB79 /* Build configuration list for PBXProject "landmarks-ios-tutorials" */ = {
			isa = XCConfigurationList;
			buildConfigurations = (
				D954D91B29BF1E790089EB79 /* Debug */,
				D954D91C29BF1E790089EB79 /* Release */,
			);
			defaultConfigurationIsVisible = 0;
			defaultConfigurationName = Release;
		};
		D954D91D29BF1E790089EB79 /* Build configuration list for PBXNativeTarget "landmarks-ios-tutorials" */ = {
			isa = XCConfigurationList;
			buildConfigurations = (
				D954D91E29BF1E790089EB79 /* Debug */,
				D954D91F29BF1E790089EB79 /* Release */,
			);
			defaultConfigurationIsVisible = 0;
			defaultConfigurationName = Release;
		};
/* End XCConfigurationList section */
	};
	rootObject = D954D90729BF1E770089EB79 /* Project object */;
}
